// !$*UTF8*$!
{
	archiveVersion = 1;
	classes = {
	};
	objectVersion = 46;
	objects = {

/* Begin PBXBuildFile section */
		81C1767B17138CF900B360D5 /* UIKit.framework in Frameworks */ = {isa = PBXBuildFile; fileRef = 81C1767A17138CF900B360D5 /* UIKit.framework */; };
		81C1767D17138CF900B360D5 /* Foundation.framework in Frameworks */ = {isa = PBXBuildFile; fileRef = 81C1767C17138CF900B360D5 /* Foundation.framework */; };
		81C1767F17138CF900B360D5 /* CoreGraphics.framework in Frameworks */ = {isa = PBXBuildFile; fileRef = 81C1767E17138CF900B360D5 /* CoreGraphics.framework */; };
		81C1768517138CF900B360D5 /* InfoPlist.strings in Resources */ = {isa = PBXBuildFile; fileRef = 81C1768317138CF900B360D5 /* InfoPlist.strings */; };
		81C1768717138CF900B360D5 /* main.m in Sources */ = {isa = PBXBuildFile; fileRef = 81C1768617138CF900B360D5 /* main.m */; };
		81C1768B17138CF900B360D5 /* AppDelegate.m in Sources */ = {isa = PBXBuildFile; fileRef = 81C1768A17138CF900B360D5 /* AppDelegate.m */; };
		81C1768D17138CF900B360D5 /* Default.png in Resources */ = {isa = PBXBuildFile; fileRef = 81C1768C17138CF900B360D5 /* Default.png */; };
		81C1768F17138CF900B360D5 /* Default@2x.png in Resources */ = {isa = PBXBuildFile; fileRef = 81C1768E17138CF900B360D5 /* Default@2x.png */; };
		81C1769117138CF900B360D5 /* Default-568h@2x.png in Resources */ = {isa = PBXBuildFile; fileRef = 81C1769017138CF900B360D5 /* Default-568h@2x.png */; };
		81C1769417138CF900B360D5 /* MainStoryboard.storyboard in Resources */ = {isa = PBXBuildFile; fileRef = 81C1769217138CF900B360D5 /* MainStoryboard.storyboard */; };
		81C1769717138CF900B360D5 /* ViewController.m in Sources */ = {isa = PBXBuildFile; fileRef = 81C1769617138CF900B360D5 /* ViewController.m */; };
		81C176B61713937000B360D5 /* 1Star.png in Resources */ = {isa = PBXBuildFile; fileRef = 81C1769E1713937000B360D5 /* 1Star.png */; };
		81C176B71713937000B360D5 /* 1Star@2x.png in Resources */ = {isa = PBXBuildFile; fileRef = 81C1769F1713937000B360D5 /* 1Star@2x.png */; };
		81C176B81713937000B360D5 /* 1StarSmall.png in Resources */ = {isa = PBXBuildFile; fileRef = 81C176A01713937000B360D5 /* 1StarSmall.png */; };
		81C176B91713937000B360D5 /* 1StarSmall@2x.png in Resources */ = {isa = PBXBuildFile; fileRef = 81C176A11713937000B360D5 /* 1StarSmall@2x.png */; };
		81C176BA1713937000B360D5 /* 2Stars.png in Resources */ = {isa = PBXBuildFile; fileRef = 81C176A21713937000B360D5 /* 2Stars.png */; };
		81C176BB1713937000B360D5 /* 2Stars@2x.png in Resources */ = {isa = PBXBuildFile; fileRef = 81C176A31713937000B360D5 /* 2Stars@2x.png */; };
		81C176BC1713937000B360D5 /* 2StarsSmall.png in Resources */ = {isa = PBXBuildFile; fileRef = 81C176A41713937000B360D5 /* 2StarsSmall.png */; };
		81C176BD1713937000B360D5 /* 2StarsSmall@2x.png in Resources */ = {isa = PBXBuildFile; fileRef = 81C176A51713937000B360D5 /* 2StarsSmall@2x.png */; };
		81C176BE1713937000B360D5 /* 3Stars.png in Resources */ = {isa = PBXBuildFile; fileRef = 81C176A61713937000B360D5 /* 3Stars.png */; };
		81C176BF1713937000B360D5 /* 3Stars@2x.png in Resources */ = {isa = PBXBuildFile; fileRef = 81C176A71713937000B360D5 /* 3Stars@2x.png */; };
		81C176C01713937000B360D5 /* 3StarsSmall.png in Resources */ = {isa = PBXBuildFile; fileRef = 81C176A81713937000B360D5 /* 3StarsSmall.png */; };
		81C176C11713937000B360D5 /* 3StarsSmall@2x.png in Resources */ = {isa = PBXBuildFile; fileRef = 81C176A91713937000B360D5 /* 3StarsSmall@2x.png */; };
		81C176C21713937000B360D5 /* 4Stars.png in Resources */ = {isa = PBXBuildFile; fileRef = 81C176AA1713937000B360D5 /* 4Stars.png */; };
		81C176C31713937000B360D5 /* 4Stars@2x.png in Resources */ = {isa = PBXBuildFile; fileRef = 81C176AB1713937000B360D5 /* 4Stars@2x.png */; };
		81C176C41713937000B360D5 /* 4StarsSmall.png in Resources */ = {isa = PBXBuildFile; fileRef = 81C176AC1713937000B360D5 /* 4StarsSmall.png */; };
		81C176C51713937000B360D5 /* 4StarsSmall@2x.png in Resources */ = {isa = PBXBuildFile; fileRef = 81C176AD1713937000B360D5 /* 4StarsSmall@2x.png */; };
		81C176C61713937000B360D5 /* 5Stars.png in Resources */ = {isa = PBXBuildFile; fileRef = 81C176AE1713937000B360D5 /* 5Stars.png */; };
		81C176C71713937000B360D5 /* 5Stars@2x.png in Resources */ = {isa = PBXBuildFile; fileRef = 81C176AF1713937000B360D5 /* 5Stars@2x.png */; };
		81C176C81713937000B360D5 /* 5StarsSmall.png in Resources */ = {isa = PBXBuildFile; fileRef = 81C176B01713937000B360D5 /* 5StarsSmall.png */; };
		81C176C91713937000B360D5 /* 5StarsSmall@2x.png in Resources */ = {isa = PBXBuildFile; fileRef = 81C176B11713937000B360D5 /* 5StarsSmall@2x.png */; };
		81C176CA1713937000B360D5 /* Gestures.png in Resources */ = {isa = PBXBuildFile; fileRef = 81C176B21713937000B360D5 /* Gestures.png */; };
		81C176CB1713937000B360D5 /* Gestures@2x.png in Resources */ = {isa = PBXBuildFile; fileRef = 81C176B31713937000B360D5 /* Gestures@2x.png */; };
		81C176CC1713937000B360D5 /* Players.png in Resources */ = {isa = PBXBuildFile; fileRef = 81C176B41713937000B360D5 /* Players.png */; };
		81C176CD1713937000B360D5 /* Players@2x.png in Resources */ = {isa = PBXBuildFile; fileRef = 81C176B51713937000B360D5 /* Players@2x.png */; };
		81C176D01713978200B360D5 /* PlayersViewController.m in Sources */ = {isa = PBXBuildFile; fileRef = 81C176CF1713978200B360D5 /* PlayersViewController.m */; };
		81C176D31713981D00B360D5 /* Player.m in Sources */ = {isa = PBXBuildFile; fileRef = 81C176D21713981D00B360D5 /* Player.m */; };
/* End PBXBuildFile section */

/* Begin PBXFileReference section */
		81C1767717138CF900B360D5 /* Ratings.app */ = {isa = PBXFileReference; explicitFileType = wrapper.application; includeInIndex = 0; path = Ratings.app; sourceTree = BUILT_PRODUCTS_DIR; };
		81C1767A17138CF900B360D5 /* UIKit.framework */ = {isa = PBXFileReference; lastKnownFileType = wrapper.framework; name = UIKit.framework; path = System/Library/Frameworks/UIKit.framework; sourceTree = SDKROOT; };
		81C1767C17138CF900B360D5 /* Foundation.framework */ = {isa = PBXFileReference; lastKnownFileType = wrapper.framework; name = Foundation.framework; path = System/Library/Frameworks/Foundation.framework; sourceTree = SDKROOT; };
		81C1767E17138CF900B360D5 /* CoreGraphics.framework */ = {isa = PBXFileReference; lastKnownFileType = wrapper.framework; name = CoreGraphics.framework; path = System/Library/Frameworks/CoreGraphics.framework; sourceTree = SDKROOT; };
		81C1768217138CF900B360D5 /* Ratings-Info.plist */ = {isa = PBXFileReference; lastKnownFileType = text.plist.xml; path = "Ratings-Info.plist"; sourceTree = "<group>"; };
		81C1768417138CF900B360D5 /* en */ = {isa = PBXFileReference; lastKnownFileType = text.plist.strings; name = en; path = en.lproj/InfoPlist.strings; sourceTree = "<group>"; };
		81C1768617138CF900B360D5 /* main.m */ = {isa = PBXFileReference; lastKnownFileType = sourcecode.c.objc; path = main.m; sourceTree = "<group>"; };
		81C1768817138CF900B360D5 /* Ratings-Prefix.pch */ = {isa = PBXFileReference; lastKnownFileType = sourcecode.c.h; path = "Ratings-Prefix.pch"; sourceTree = "<group>"; };
		81C1768917138CF900B360D5 /* AppDelegate.h */ = {isa = PBXFileReference; lastKnownFileType = sourcecode.c.h; path = AppDelegate.h; sourceTree = "<group>"; };
		81C1768A17138CF900B360D5 /* AppDelegate.m */ = {isa = PBXFileReference; lastKnownFileType = sourcecode.c.objc; path = AppDelegate.m; sourceTree = "<group>"; };
		81C1768C17138CF900B360D5 /* Default.png */ = {isa = PBXFileReference; lastKnownFileType = image.png; path = Default.png; sourceTree = "<group>"; };
		81C1768E17138CF900B360D5 /* Default@2x.png */ = {isa = PBXFileReference; lastKnownFileType = image.png; path = "Default@2x.png"; sourceTree = "<group>"; };
		81C1769017138CF900B360D5 /* Default-568h@2x.png */ = {isa = PBXFileReference; lastKnownFileType = image.png; path = "Default-568h@2x.png"; sourceTree = "<group>"; };
		81C1769317138CF900B360D5 /* en */ = {isa = PBXFileReference; lastKnownFileType = file.storyboard; name = en; path = en.lproj/MainStoryboard.storyboard; sourceTree = "<group>"; };
		81C1769517138CF900B360D5 /* ViewController.h */ = {isa = PBXFileReference; lastKnownFileType = sourcecode.c.h; path = ViewController.h; sourceTree = "<group>"; };
		81C1769617138CF900B360D5 /* ViewController.m */ = {isa = PBXFileReference; lastKnownFileType = sourcecode.c.objc; path = ViewController.m; sourceTree = "<group>"; };
		81C1769E1713937000B360D5 /* 1Star.png */ = {isa = PBXFileReference; lastKnownFileType = image.png; path = 1Star.png; sourceTree = "<group>"; };
		81C1769F1713937000B360D5 /* 1Star@2x.png */ = {isa = PBXFileReference; lastKnownFileType = image.png; path = "1Star@2x.png"; sourceTree = "<group>"; };
		81C176A01713937000B360D5 /* 1StarSmall.png */ = {isa = PBXFileReference; lastKnownFileType = image.png; path = 1StarSmall.png; sourceTree = "<group>"; };
		81C176A11713937000B360D5 /* 1StarSmall@2x.png */ = {isa = PBXFileReference; lastKnownFileType = image.png; path = "1StarSmall@2x.png"; sourceTree = "<group>"; };
		81C176A21713937000B360D5 /* 2Stars.png */ = {isa = PBXFileReference; lastKnownFileType = image.png; path = 2Stars.png; sourceTree = "<group>"; };
		81C176A31713937000B360D5 /* 2Stars@2x.png */ = {isa = PBXFileReference; lastKnownFileType = image.png; path = "2Stars@2x.png"; sourceTree = "<group>"; };
		81C176A41713937000B360D5 /* 2StarsSmall.png */ = {isa = PBXFileReference; lastKnownFileType = image.png; path = 2StarsSmall.png; sourceTree = "<group>"; };
		81C176A51713937000B360D5 /* 2StarsSmall@2x.png */ = {isa = PBXFileReference; lastKnownFileType = image.png; path = "2StarsSmall@2x.png"; sourceTree = "<group>"; };
		81C176A61713937000B360D5 /* 3Stars.png */ = {isa = PBXFileReference; lastKnownFileType = image.png; path = 3Stars.png; sourceTree = "<group>"; };
		81C176A71713937000B360D5 /* 3Stars@2x.png */ = {isa = PBXFileReference; lastKnownFileType = image.png; path = "3Stars@2x.png"; sourceTree = "<group>"; };
		81C176A81713937000B360D5 /* 3StarsSmall.png */ = {isa = PBXFileReference; lastKnownFileType = image.png; path = 3StarsSmall.png; sourceTree = "<group>"; };
		81C176A91713937000B360D5 /* 3StarsSmall@2x.png */ = {isa = PBXFileReference; lastKnownFileType = image.png; path = "3StarsSmall@2x.png"; sourceTree = "<group>"; };
		81C176AA1713937000B360D5 /* 4Stars.png */ = {isa = PBXFileReference; lastKnownFileType = image.png; path = 4Stars.png; sourceTree = "<group>"; };
		81C176AB1713937000B360D5 /* 4Stars@2x.png */ = {isa = PBXFileReference; lastKnownFileType = image.png; path = "4Stars@2x.png"; sourceTree = "<group>"; };
		81C176AC1713937000B360D5 /* 4StarsSmall.png */ = {isa = PBXFileReference; lastKnownFileType = image.png; path = 4StarsSmall.png; sourceTree = "<group>"; };
		81C176AD1713937000B360D5 /* 4StarsSmall@2x.png */ = {isa = PBXFileReference; lastKnownFileType = image.png; path = "4StarsSmall@2x.png"; sourceTree = "<group>"; };
		81C176AE1713937000B360D5 /* 5Stars.png */ = {isa = PBXFileReference; lastKnownFileType = image.png; path = 5Stars.png; sourceTree = "<group>"; };
		81C176AF1713937000B360D5 /* 5Stars@2x.png */ = {isa = PBXFileReference; lastKnownFileType = image.png; path = "5Stars@2x.png"; sourceTree = "<group>"; };
		81C176B01713937000B360D5 /* 5StarsSmall.png */ = {isa = PBXFileReference; lastKnownFileType = image.png; path = 5StarsSmall.png; sourceTree = "<group>"; };
		81C176B11713937000B360D5 /* 5StarsSmall@2x.png */ = {isa = PBXFileReference; lastKnownFileType = image.png; path = "5StarsSmall@2x.png"; sourceTree = "<group>"; };
		81C176B21713937000B360D5 /* Gestures.png */ = {isa = PBXFileReference; lastKnownFileType = image.png; path = Gestures.png; sourceTree = "<group>"; };
		81C176B31713937000B360D5 /* Gestures@2x.png */ = {isa = PBXFileReference; lastKnownFileType = image.png; path = "Gestures@2x.png"; sourceTree = "<group>"; };
		81C176B41713937000B360D5 /* Players.png */ = {isa = PBXFileReference; lastKnownFileType = image.png; path = Players.png; sourceTree = "<group>"; };
		81C176B51713937000B360D5 /* Players@2x.png */ = {isa = PBXFileReference; lastKnownFileType = image.png; path = "Players@2x.png"; sourceTree = "<group>"; };
		81C176CE1713978200B360D5 /* PlayersViewController.h */ = {isa = PBXFileReference; fileEncoding = 4; lastKnownFileType = sourcecode.c.h; path = PlayersViewController.h; sourceTree = "<group>"; };
		81C176CF1713978200B360D5 /* PlayersViewController.m */ = {isa = PBXFileReference; fileEncoding = 4; lastKnownFileType = sourcecode.c.objc; path = PlayersViewController.m; sourceTree = "<group>"; };
		81C176D11713981D00B360D5 /* Player.h */ = {isa = PBXFileReference; fileEncoding = 4; lastKnownFileType = sourcecode.c.h; path = Player.h; sourceTree = "<group>"; };
		81C176D21713981D00B360D5 /* Player.m */ = {isa = PBXFileReference; fileEncoding = 4; lastKnownFileType = sourcecode.c.objc; path = Player.m; sourceTree = "<group>"; };
/* End PBXFileReference section */

/* Begin PBXFrameworksBuildPhase section */
		81C1767417138CF900B360D5 /* Frameworks */ = {
			isa = PBXFrameworksBuildPhase;
			buildActionMask = 2147483647;
			files = (
				81C1767B17138CF900B360D5 /* UIKit.framework in Frameworks */,
				81C1767D17138CF900B360D5 /* Foundation.framework in Frameworks */,
				81C1767F17138CF900B360D5 /* CoreGraphics.framework in Frameworks */,
			);
			runOnlyForDeploymentPostprocessing = 0;
		};
/* End PBXFrameworksBuildPhase section */

/* Begin PBXGroup section */
		81C1766E17138CF900B360D5 = {
			isa = PBXGroup;
			children = (
				81C1768017138CF900B360D5 /* Ratings */,
				81C1767917138CF900B360D5 /* Frameworks */,
				81C1767817138CF900B360D5 /* Products */,
			);
			sourceTree = "<group>";
		};
		81C1767817138CF900B360D5 /* Products */ = {
			isa = PBXGroup;
			children = (
				81C1767717138CF900B360D5 /* Ratings.app */,
			);
			name = Products;
			sourceTree = "<group>";
		};
		81C1767917138CF900B360D5 /* Frameworks */ = {
			isa = PBXGroup;
			children = (
				81C1767A17138CF900B360D5 /* UIKit.framework */,
				81C1767C17138CF900B360D5 /* Foundation.framework */,
				81C1767E17138CF900B360D5 /* CoreGraphics.framework */,
			);
			name = Frameworks;
			sourceTree = "<group>";
		};
		81C1768017138CF900B360D5 /* Ratings */ = {
			isa = PBXGroup;
			children = (
				81C1768917138CF900B360D5 /* AppDelegate.h */,
				81C1768A17138CF900B360D5 /* AppDelegate.m */,
				81C1769217138CF900B360D5 /* MainStoryboard.storyboard */,
				81C176D11713981D00B360D5 /* Player.h */,
				81C176D21713981D00B360D5 /* Player.m */,
				81C176CE1713978200B360D5 /* PlayersViewController.h */,
				81C176CF1713978200B360D5 /* PlayersViewController.m */,
				81C1769517138CF900B360D5 /* ViewController.h */,
				81C1769617138CF900B360D5 /* ViewController.m */,
				81C1768117138CF900B360D5 /* Supporting Files */,
			);
			path = Ratings;
			sourceTree = "<group>";
		};
		81C1768117138CF900B360D5 /* Supporting Files */ = {
			isa = PBXGroup;
			children = (
				81C1769D1713937000B360D5 /* Images */,
				81C1768217138CF900B360D5 /* Ratings-Info.plist */,
				81C1768317138CF900B360D5 /* InfoPlist.strings */,
				81C1768617138CF900B360D5 /* main.m */,
				81C1768817138CF900B360D5 /* Ratings-Prefix.pch */,
				81C1768C17138CF900B360D5 /* Default.png */,
				81C1768E17138CF900B360D5 /* Default@2x.png */,
				81C1769017138CF900B360D5 /* Default-568h@2x.png */,
			);
			name = "Supporting Files";
			sourceTree = "<group>";
		};
		81C1769D1713937000B360D5 /* Images */ = {
			isa = PBXGroup;
			children = (
				81C1769E1713937000B360D5 /* 1Star.png */,
				81C1769F1713937000B360D5 /* 1Star@2x.png */,
				81C176A01713937000B360D5 /* 1StarSmall.png */,
				81C176A11713937000B360D5 /* 1StarSmall@2x.png */,
				81C176A21713937000B360D5 /* 2Stars.png */,
				81C176A31713937000B360D5 /* 2Stars@2x.png */,
				81C176A41713937000B360D5 /* 2StarsSmall.png */,
				81C176A51713937000B360D5 /* 2StarsSmall@2x.png */,
				81C176A61713937000B360D5 /* 3Stars.png */,
				81C176A71713937000B360D5 /* 3Stars@2x.png */,
				81C176A81713937000B360D5 /* 3StarsSmall.png */,
				81C176A91713937000B360D5 /* 3StarsSmall@2x.png */,
				81C176AA1713937000B360D5 /* 4Stars.png */,
				81C176AB1713937000B360D5 /* 4Stars@2x.png */,
				81C176AC1713937000B360D5 /* 4StarsSmall.png */,
				81C176AD1713937000B360D5 /* 4StarsSmall@2x.png */,
				81C176AE1713937000B360D5 /* 5Stars.png */,
				81C176AF1713937000B360D5 /* 5Stars@2x.png */,
				81C176B01713937000B360D5 /* 5StarsSmall.png */,
				81C176B11713937000B360D5 /* 5StarsSmall@2x.png */,
				81C176B21713937000B360D5 /* Gestures.png */,
				81C176B31713937000B360D5 /* Gestures@2x.png */,
				81C176B41713937000B360D5 /* Players.png */,
				81C176B51713937000B360D5 /* Players@2x.png */,
			);
			name = Images;
			path = ../Images;
			sourceTree = "<group>";
		};
/* End PBXGroup section */

/* Begin PBXNativeTarget section */
		81C1767617138CF900B360D5 /* Ratings */ = {
			isa = PBXNativeTarget;
			buildConfigurationList = 81C1769A17138CF900B360D5 /* Build configuration list for PBXNativeTarget "Ratings" */;
			buildPhases = (
				81C1767317138CF900B360D5 /* Sources */,
				81C1767417138CF900B360D5 /* Frameworks */,
				81C1767517138CF900B360D5 /* Resources */,
			);
			buildRules = (
			);
			dependencies = (
			);
			name = Ratings;
			productName = Ratings;
			productReference = 81C1767717138CF900B360D5 /* Ratings.app */;
			productType = "com.apple.product-type.application";
		};
/* End PBXNativeTarget section */

/* Begin PBXProject section */
		81C1766F17138CF900B360D5 /* Project object */ = {
			isa = PBXProject;
			attributes = {
				LastUpgradeCheck = 0460;
				ORGANIZATIONNAME = IOS;
			};
			buildConfigurationList = 81C1767217138CF900B360D5 /* Build configuration list for PBXProject "Ratings" */;
			compatibilityVersion = "Xcode 3.2";
			developmentRegion = English;
			hasScannedForEncodings = 0;
			knownRegions = (
				en,
			);
			mainGroup = 81C1766E17138CF900B360D5;
			productRefGroup = 81C1767817138CF900B360D5 /* Products */;
			projectDirPath = "";
			projectRoot = "";
			targets = (
				81C1767617138CF900B360D5 /* Ratings */,
			);
		};
/* End PBXProject section */

/* Begin PBXResourcesBuildPhase section */
		81C1767517138CF900B360D5 /* Resources */ = {
			isa = PBXResourcesBuildPhase;
			buildActionMask = 2147483647;
			files = (
				81C1768517138CF900B360D5 /* InfoPlist.strings in Resources */,
				81C1768D17138CF900B360D5 /* Default.png in Resources */,
				81C1768F17138CF900B360D5 /* Default@2x.png in Resources */,
				81C1769117138CF900B360D5 /* Default-568h@2x.png in Resources */,
				81C1769417138CF900B360D5 /* MainStoryboard.storyboard in Resources */,
				81C176B61713937000B360D5 /* 1Star.png in Resources */,
				81C176B71713937000B360D5 /* 1Star@2x.png in Resources */,
				81C176B81713937000B360D5 /* 1StarSmall.png in Resources */,
				81C176B91713937000B360D5 /* 1StarSmall@2x.png in Resources */,
				81C176BA1713937000B360D5 /* 2Stars.png in Resources */,
				81C176BB1713937000B360D5 /* 2Stars@2x.png in Resources */,
				81C176BC1713937000B360D5 /* 2StarsSmall.png in Resources */,
				81C176BD1713937000B360D5 /* 2StarsSmall@2x.png in Resources */,
				81C176BE1713937000B360D5 /* 3Stars.png in Resources */,
				81C176BF1713937000B360D5 /* 3Stars@2x.png in Resources */,
				81C176C01713937000B360D5 /* 3StarsSmall.png in Resources */,
				81C176C11713937000B360D5 /* 3StarsSmall@2x.png in Resources */,
				81C176C21713937000B360D5 /* 4Stars.png in Resources */,
				81C176C31713937000B360D5 /* 4Stars@2x.png in Resources */,
				81C176C41713937000B360D5 /* 4StarsSmall.png in Resources */,
				81C176C51713937000B360D5 /* 4StarsSmall@2x.png in Resources */,
				81C176C61713937000B360D5 /* 5Stars.png in Resources */,
				81C176C71713937000B360D5 /* 5Stars@2x.png in Resources */,
				81C176C81713937000B360D5 /* 5StarsSmall.png in Resources */,
				81C176C91713937000B360D5 /* 5StarsSmall@2x.png in Resources */,
				81C176CA1713937000B360D5 /* Gestures.png in Resources */,
				81C176CB1713937000B360D5 /* Gestures@2x.png in Resources */,
				81C176CC1713937000B360D5 /* Players.png in Resources */,
				81C176CD1713937000B360D5 /* Players@2x.png in Resources */,
			);
			runOnlyForDeploymentPostprocessing = 0;
		};
/* End PBXResourcesBuildPhase section */

/* Begin PBXSourcesBuildPhase section */
		81C1767317138CF900B360D5 /* Sources */ = {
			isa = PBXSourcesBuildPhase;
			buildActionMask = 2147483647;
			files = (
				81C1768717138CF900B360D5 /* main.m in Sources */,
				81C1768B17138CF900B360D5 /* AppDelegate.m in Sources */,
				81C1769717138CF900B360D5 /* ViewController.m in Sources */,
				81C176D01713978200B360D5 /* PlayersViewController.m in Sources */,
				81C176D31713981D00B360D5 /* Player.m in Sources */,
			);
			runOnlyForDeploymentPostprocessing = 0;
		};
/* End PBXSourcesBuildPhase section */

/* Begin PBXVariantGroup section */
		81C1768317138CF900B360D5 /* InfoPlist.strings */ = {
			isa = PBXVariantGroup;
			children = (
				81C1768417138CF900B360D5 /* en */,
			);
			name = InfoPlist.strings;
			sourceTree = "<group>";
		};
		81C1769217138CF900B360D5 /* MainStoryboard.storyboard */ = {
			isa = PBXVariantGroup;
			children = (
				81C1769317138CF900B360D5 /* en */,
			);
			name = MainStoryboard.storyboard;
			sourceTree = "<group>";
		};
/* End PBXVariantGroup section */

/* Begin XCBuildConfiguration section */
		81C1769817138CF900B360D5 /* Debug */ = {
			isa = XCBuildConfiguration;
			buildSettings = {
				ALWAYS_SEARCH_USER_PATHS = NO;
				CLANG_CXX_LANGUAGE_STANDARD = "gnu++0x";
				CLANG_CXX_LIBRARY = "libc++";
				CLANG_ENABLE_OBJC_ARC = YES;
				CLANG_WARN_CONSTANT_CONVERSION = YES;
				CLANG_WARN_EMPTY_BODY = YES;
				CLANG_WARN_ENUM_CONVERSION = YES;
				CLANG_WARN_INT_CONVERSION = YES;
				CLANG_WARN__DUPLICATE_METHOD_MATCH = YES;
				"CODE_SIGN_IDENTITY[sdk=iphoneos*]" = "iPhone Developer";
				COPY_PHASE_STRIP = NO;
				GCC_C_LANGUAGE_STANDARD = gnu99;
				GCC_DYNAMIC_NO_PIC = NO;
				GCC_OPTIMIZATION_LEVEL = 0;
				GCC_PREPROCESSOR_DEFINITIONS = (
					"DEBUG=1",
					"$(inherited)",
				);
				GCC_SYMBOLS_PRIVATE_EXTERN = NO;
				GCC_WARN_ABOUT_RETURN_TYPE = YES;
				GCC_WARN_UNINITIALIZED_AUTOS = YES;
				GCC_WARN_UNUSED_VARIABLE = YES;
				IPHONEOS_DEPLOYMENT_TARGET = 6.1;
				ONLY_ACTIVE_ARCH = YES;
				SDKROOT = iphoneos;
			};
			name = Debug;
		};
		81C1769917138CF900B360D5 /* Release */ = {
			isa = XCBuildConfiguration;
			buildSettings = {
				ALWAYS_SEARCH_USER_PATHS = NO;
				CLANG_CXX_LANGUAGE_STANDARD = "gnu++0x";
				CLANG_CXX_LIBRARY = "libc++";
				CLANG_ENABLE_OBJC_ARC = YES;
				CLANG_WARN_CONSTANT_CONVERSION = YES;
				CLANG_WARN_EMPTY_BODY = YES;
				CLANG_WARN_ENUM_CONVERSION = YES;
				CLANG_WARN_INT_CONVERSION = YES;
				CLANG_WARN__DUPLICATE_METHOD_MATCH = YES;
				"CODE_SIGN_IDENTITY[sdk=iphoneos*]" = "iPhone Developer";
				COPY_PHASE_STRIP = YES;
				GCC_C_LANGUAGE_STANDARD = gnu99;
				GCC_WARN_ABOUT_RETURN_TYPE = YES;
				GCC_WARN_UNINITIALIZED_AUTOS = YES;
				GCC_WARN_UNUSED_VARIABLE = YES;
				IPHONEOS_DEPLOYMENT_TARGET = 6.1;
				OTHER_CFLAGS = "-DNS_BLOCK_ASSERTIONS=1";
				SDKROOT = iphoneos;
				VALIDATE_PRODUCT = YES;
			};
			name = Release;
		};
		81C1769B17138CF900B360D5 /* Debug */ = {
			isa = XCBuildConfiguration;
			buildSettings = {
				GCC_PRECOMPILE_PREFIX_HEADER = YES;
				GCC_PREFIX_HEADER = "Ratings/Ratings-Prefix.pch";
				INFOPLIST_FILE = "Ratings/Ratings-Info.plist";
				PRODUCT_NAME = "$(TARGET_NAME)";
				WRAPPER_EXTENSION = app;
			};
			name = Debug;
		};
		81C1769C17138CF900B360D5 /* Release */ = {
			isa = XCBuildConfiguration;
			buildSettings = {
				GCC_PRECOMPILE_PREFIX_HEADER = YES;
				GCC_PREFIX_HEADER = "Ratings/Ratings-Prefix.pch";
				INFOPLIST_FILE = "Ratings/Ratings-Info.plist";
				PRODUCT_NAME = "$(TARGET_NAME)";
				WRAPPER_EXTENSION = app;
			};
			name = Release;
		};
/* End XCBuildConfiguration section */

/* Begin XCConfigurationList section */
		81C1767217138CF900B360D5 /* Build configuration list for PBXProject "Ratings" */ = {
			isa = XCConfigurationList;
			buildConfigurations = (
				81C1769817138CF900B360D5 /* Debug */,
				81C1769917138CF900B360D5 /* Release */,
			);
			defaultConfigurationIsVisible = 0;
			defaultConfigurationName = Release;
		};
		81C1769A17138CF900B360D5 /* Build configuration list for PBXNativeTarget "Ratings" */ = {
			isa = XCConfigurationList;
			buildConfigurations = (
				81C1769B17138CF900B360D5 /* Debug */,
				81C1769C17138CF900B360D5 /* Release */,
			);
			defaultConfigurationIsVisible = 0;
			defaultConfigurationName = Release;
		};
/* End XCConfigurationList section */
	};
	rootObject = 81C1766F17138CF900B360D5 /* Project object */;
}
